// !$*UTF8*$!
{
	archiveVersion = 1;
	classes = {
	};
	objectVersion = 56;
	objects = {

/* Begin PBXBuildFile section */
		EA1CF5DA29E67E37006A4DCD /* APSShellDemoApp.swift in Sources */ = {isa = PBXBuildFile; fileRef = EA1CF5D929E67E37006A4DCD /* APSShellDemoApp.swift */; };
		EA1CF5DC29E67E37006A4DCD /* ContentView.swift in Sources */ = {isa = PBXBuildFile; fileRef = EA1CF5DB29E67E37006A4DCD /* ContentView.swift */; };
		EA1CF5DE29E67E3C006A4DCD /* Assets.xcassets in Resources */ = {isa = PBXBuildFile; fileRef = EA1CF5DD29E67E3C006A4DCD /* Assets.xcassets */; };
		EA1CF5E129E67E3C006A4DCD /* Preview Assets.xcassets in Resources */ = {isa = PBXBuildFile; fileRef = EA1CF5E029E67E3C006A4DCD /* Preview Assets.xcassets */; };
		EA1CF5EC29E67E3C006A4DCD /* APSShellDemoTests.swift in Sources */ = {isa = PBXBuildFile; fileRef = EA1CF5EB29E67E3C006A4DCD /* APSShellDemoTests.swift */; };
		EA1CF5F629E67E3C006A4DCD /* APSShellDemoUITests.swift in Sources */ = {isa = PBXBuildFile; fileRef = EA1CF5F529E67E3C006A4DCD /* APSShellDemoUITests.swift */; };
		EA1CF5F829E67E3C006A4DCD /* APSShellDemoUITestsLaunchTests.swift in Sources */ = {isa = PBXBuildFile; fileRef = EA1CF5F729E67E3C006A4DCD /* APSShellDemoUITestsLaunchTests.swift */; };
/* End PBXBuildFile section */

/* Begin PBXContainerItemProxy section */
		EA1CF5E829E67E3C006A4DCD /* PBXContainerItemProxy */ = {
			isa = PBXContainerItemProxy;
			containerPortal = EA1CF5CE29E67E37006A4DCD /* Project object */;
			proxyType = 1;
			remoteGlobalIDString = EA1CF5D529E67E37006A4DCD;
			remoteInfo = APSShellDemo;
		};
		EA1CF5F229E67E3C006A4DCD /* PBXContainerItemProxy */ = {
			isa = PBXContainerItemProxy;
			containerPortal = EA1CF5CE29E67E37006A4DCD /* Project object */;
			proxyType = 1;
			remoteGlobalIDString = EA1CF5D529E67E37006A4DCD;
			remoteInfo = APSShellDemo;
		};
/* End PBXContainerItemProxy section */

/* Begin PBXCopyFilesBuildPhase section */
		EAEB2C9A29E79B5000060F11 /* Embed XPC Services */ = {
			isa = PBXCopyFilesBuildPhase;
			buildActionMask = 2147483647;
			dstPath = "$(CONTENTS_FOLDER_PATH)/XPCServices";
			dstSubfolderSpec = 16;
			files = (
			);
			name = "Embed XPC Services";
			runOnlyForDeploymentPostprocessing = 0;
		};
/* End PBXCopyFilesBuildPhase section */

/* Begin PBXFileReference section */
		EA1CF5D629E67E37006A4DCD /* APSShellDemo.app */ = {isa = PBXFileReference; explicitFileType = wrapper.application; includeInIndex = 0; path = APSShellDemo.app; sourceTree = BUILT_PRODUCTS_DIR; };
		EA1CF5D929E67E37006A4DCD /* APSShellDemoApp.swift */ = {isa = PBXFileReference; lastKnownFileType = sourcecode.swift; path = APSShellDemoApp.swift; sourceTree = "<group>"; };
		EA1CF5DB29E67E37006A4DCD /* ContentView.swift */ = {isa = PBXFileReference; lastKnownFileType = sourcecode.swift; path = ContentView.swift; sourceTree = "<group>"; };
		EA1CF5DD29E67E3C006A4DCD /* Assets.xcassets */ = {isa = PBXFileReference; lastKnownFileType = folder.assetcatalog; path = Assets.xcassets; sourceTree = "<group>"; };
		EA1CF5E029E67E3C006A4DCD /* Preview Assets.xcassets */ = {isa = PBXFileReference; lastKnownFileType = folder.assetcatalog; path = "Preview Assets.xcassets"; sourceTree = "<group>"; };
		EA1CF5E229E67E3C006A4DCD /* APSShellDemo.entitlements */ = {isa = PBXFileReference; lastKnownFileType = text.plist.entitlements; path = APSShellDemo.entitlements; sourceTree = "<group>"; };
		EA1CF5E729E67E3C006A4DCD /* APSShellDemoTests.xctest */ = {isa = PBXFileReference; explicitFileType = wrapper.cfbundle; includeInIndex = 0; path = APSShellDemoTests.xctest; sourceTree = BUILT_PRODUCTS_DIR; };
		EA1CF5EB29E67E3C006A4DCD /* APSShellDemoTests.swift */ = {isa = PBXFileReference; lastKnownFileType = sourcecode.swift; path = APSShellDemoTests.swift; sourceTree = "<group>"; };
		EA1CF5F129E67E3C006A4DCD /* APSShellDemoUITests.xctest */ = {isa = PBXFileReference; explicitFileType = wrapper.cfbundle; includeInIndex = 0; path = APSShellDemoUITests.xctest; sourceTree = BUILT_PRODUCTS_DIR; };
		EA1CF5F529E67E3C006A4DCD /* APSShellDemoUITests.swift */ = {isa = PBXFileReference; lastKnownFileType = sourcecode.swift; path = APSShellDemoUITests.swift; sourceTree = "<group>"; };
		EA1CF5F729E67E3C006A4DCD /* APSShellDemoUITestsLaunchTests.swift */ = {isa = PBXFileReference; lastKnownFileType = sourcecode.swift; path = APSShellDemoUITestsLaunchTests.swift; sourceTree = "<group>"; };
		EA1CF60429E68E75006A4DCD /* Info.plist */ = {isa = PBXFileReference; lastKnownFileType = text.plist; path = Info.plist; sourceTree = "<group>"; };
/* End PBXFileReference section */

/* Begin PBXFrameworksBuildPhase section */
		EA1CF5D329E67E37006A4DCD /* Frameworks */ = {
			isa = PBXFrameworksBuildPhase;
			buildActionMask = 2147483647;
			files = (
			);
			runOnlyForDeploymentPostprocessing = 0;
		};
		EA1CF5E429E67E3C006A4DCD /* Frameworks */ = {
			isa = PBXFrameworksBuildPhase;
			buildActionMask = 2147483647;
			files = (
			);
			runOnlyForDeploymentPostprocessing = 0;
		};
		EA1CF5EE29E67E3C006A4DCD /* Frameworks */ = {
			isa = PBXFrameworksBuildPhase;
			buildActionMask = 2147483647;
			files = (
			);
			runOnlyForDeploymentPostprocessing = 0;
		};
/* End PBXFrameworksBuildPhase section */

/* Begin PBXGroup section */
		EA1CF5CD29E67E37006A4DCD = {
			isa = PBXGroup;
			children = (
				EA1CF5D829E67E37006A4DCD /* APSShellDemo */,
				EA1CF5EA29E67E3C006A4DCD /* APSShellDemoTests */,
				EA1CF5F429E67E3C006A4DCD /* APSShellDemoUITests */,
				EA1CF5D729E67E37006A4DCD /* Products */,
			);
			sourceTree = "<group>";
		};
		EA1CF5D729E67E37006A4DCD /* Products */ = {
			isa = PBXGroup;
			children = (
				EA1CF5D629E67E37006A4DCD /* APSShellDemo.app */,
				EA1CF5E729E67E3C006A4DCD /* APSShellDemoTests.xctest */,
				EA1CF5F129E67E3C006A4DCD /* APSShellDemoUITests.xctest */,
			);
			name = Products;
			sourceTree = "<group>";
		};
		EA1CF5D829E67E37006A4DCD /* APSShellDemo */ = {
			isa = PBXGroup;
			children = (
				EA1CF60429E68E75006A4DCD /* Info.plist */,
				EA1CF5D929E67E37006A4DCD /* APSShellDemoApp.swift */,
				EA1CF5DB29E67E37006A4DCD /* ContentView.swift */,
				EA1CF5DD29E67E3C006A4DCD /* Assets.xcassets */,
				EA1CF5E229E67E3C006A4DCD /* APSShellDemo.entitlements */,
				EA1CF5DF29E67E3C006A4DCD /* Preview Content */,
			);
			path = APSShellDemo;
			sourceTree = "<group>";
		};
		EA1CF5DF29E67E3C006A4DCD /* Preview Content */ = {
			isa = PBXGroup;
			children = (
				EA1CF5E029E67E3C006A4DCD /* Preview Assets.xcassets */,
			);
			path = "Preview Content";
			sourceTree = "<group>";
		};
		EA1CF5EA29E67E3C006A4DCD /* APSShellDemoTests */ = {
			isa = PBXGroup;
			children = (
				EA1CF5EB29E67E3C006A4DCD /* APSShellDemoTests.swift */,
			);
			path = APSShellDemoTests;
			sourceTree = "<group>";
		};
		EA1CF5F429E67E3C006A4DCD /* APSShellDemoUITests */ = {
			isa = PBXGroup;
			children = (
				EA1CF5F529E67E3C006A4DCD /* APSShellDemoUITests.swift */,
				EA1CF5F729E67E3C006A4DCD /* APSShellDemoUITestsLaunchTests.swift */,
			);
			path = APSShellDemoUITests;
			sourceTree = "<group>";
		};
/* End PBXGroup section */

/* Begin PBXNativeTarget section */
		EA1CF5D529E67E37006A4DCD /* APSShellDemo */ = {
			isa = PBXNativeTarget;
			buildConfigurationList = EA1CF5FB29E67E3C006A4DCD /* Build configuration list for PBXNativeTarget "APSShellDemo" */;
			buildPhases = (
				EA1CF5D229E67E37006A4DCD /* Sources */,
				EA1CF5D329E67E37006A4DCD /* Frameworks */,
				EA1CF5D429E67E37006A4DCD /* Resources */,
				EAEB2C9A29E79B5000060F11 /* Embed XPC Services */,
			);
			buildRules = (
			);
			dependencies = (
			);
			name = APSShellDemo;
			productName = APSShellDemo;
			productReference = EA1CF5D629E67E37006A4DCD /* APSShellDemo.app */;
			productType = "com.apple.product-type.application";
		};
		EA1CF5E629E67E3C006A4DCD /* APSShellDemoTests */ = {
			isa = PBXNativeTarget;
			buildConfigurationList = EA1CF5FE29E67E3C006A4DCD /* Build configuration list for PBXNativeTarget "APSShellDemoTests" */;
			buildPhases = (
				EA1CF5E329E67E3C006A4DCD /* Sources */,
				EA1CF5E429E67E3C006A4DCD /* Frameworks */,
				EA1CF5E529E67E3C006A4DCD /* Resources */,
			);
			buildRules = (
			);
			dependencies = (
				EA1CF5E929E67E3C006A4DCD /* PBXTargetDependency */,
			);
			name = APSShellDemoTests;
			productName = APSShellDemoTests;
			productReference = EA1CF5E729E67E3C006A4DCD /* APSShellDemoTests.xctest */;
			productType = "com.apple.product-type.bundle.unit-test";
		};
		EA1CF5F029E67E3C006A4DCD /* APSShellDemoUITests */ = {
			isa = PBXNativeTarget;
			buildConfigurationList = EA1CF60129E67E3C006A4DCD /* Build configuration list for PBXNativeTarget "APSShellDemoUITests" */;
			buildPhases = (
				EA1CF5ED29E67E3C006A4DCD /* Sources */,
				EA1CF5EE29E67E3C006A4DCD /* Frameworks */,
				EA1CF5EF29E67E3C006A4DCD /* Resources */,
			);
			buildRules = (
			);
			dependencies = (
				EA1CF5F329E67E3C006A4DCD /* PBXTargetDependency */,
			);
			name = APSShellDemoUITests;
			productName = APSShellDemoUITests;
			productReference = EA1CF5F129E67E3C006A4DCD /* APSShellDemoUITests.xctest */;
			productType = "com.apple.product-type.bundle.ui-testing";
		};
/* End PBXNativeTarget section */

/* Begin PBXProject section */
		EA1CF5CE29E67E37006A4DCD /* Project object */ = {
			isa = PBXProject;
			attributes = {
				BuildIndependentTargetsInParallel = 1;
				LastSwiftUpdateCheck = 1420;
				LastUpgradeCheck = 1420;
				TargetAttributes = {
					EA1CF5D529E67E37006A4DCD = {
						CreatedOnToolsVersion = 14.2;
					};
					EA1CF5E629E67E3C006A4DCD = {
						CreatedOnToolsVersion = 14.2;
						TestTargetID = EA1CF5D529E67E37006A4DCD;
					};
					EA1CF5F029E67E3C006A4DCD = {
						CreatedOnToolsVersion = 14.2;
						TestTargetID = EA1CF5D529E67E37006A4DCD;
					};
				};
			};
			buildConfigurationList = EA1CF5D129E67E37006A4DCD /* Build configuration list for PBXProject "APSShellDemo" */;
			compatibilityVersion = "Xcode 14.0";
			developmentRegion = en;
			hasScannedForEncodings = 0;
			knownRegions = (
				en,
				Base,
			);
			mainGroup = EA1CF5CD29E67E37006A4DCD;
			productRefGroup = EA1CF5D729E67E37006A4DCD /* Products */;
			projectDirPath = "";
			projectRoot = "";
			targets = (
				EA1CF5D529E67E37006A4DCD /* APSShellDemo */,
				EA1CF5E629E67E3C006A4DCD /* APSShellDemoTests */,
				EA1CF5F029E67E3C006A4DCD /* APSShellDemoUITests */,
			);
		};
/* End PBXProject section */

/* Begin PBXResourcesBuildPhase section */
		EA1CF5D429E67E37006A4DCD /* Resources */ = {
			isa = PBXResourcesBuildPhase;
			buildActionMask = 2147483647;
			files = (
				EA1CF5E129E67E3C006A4DCD /* Preview Assets.xcassets in Resources */,
				EA1CF5DE29E67E3C006A4DCD /* Assets.xcassets in Resources */,
			);
			runOnlyForDeploymentPostprocessing = 0;
		};
		EA1CF5E529E67E3C006A4DCD /* Resources */ = {
			isa = PBXResourcesBuildPhase;
			buildActionMask = 2147483647;
			files = (
			);
			runOnlyForDeploymentPostprocessing = 0;
		};
		EA1CF5EF29E67E3C006A4DCD /* Resources */ = {
			isa = PBXResourcesBuildPhase;
			buildActionMask = 2147483647;
			files = (
			);
			runOnlyForDeploymentPostprocessing = 0;
		};
/* End PBXResourcesBuildPhase section */

/* Begin PBXSourcesBuildPhase section */
		EA1CF5D229E67E37006A4DCD /* Sources */ = {
			isa = PBXSourcesBuildPhase;
			buildActionMask = 2147483647;
			files = (
				EA1CF5DC29E67E37006A4DCD /* ContentView.swift in Sources */,
				EA1CF5DA29E67E37006A4DCD /* APSShellDemoApp.swift in Sources */,
			);
			runOnlyForDeploymentPostprocessing = 0;
		};
		EA1CF5E329E67E3C006A4DCD /* Sources */ = {
			isa = PBXSourcesBuildPhase;
			buildActionMask = 2147483647;
			files = (
				EA1CF5EC29E67E3C006A4DCD /* APSShellDemoTests.swift in Sources */,
			);
			runOnlyForDeploymentPostprocessing = 0;
		};
		EA1CF5ED29E67E3C006A4DCD /* Sources */ = {
			isa = PBXSourcesBuildPhase;
			buildActionMask = 2147483647;
			files = (
				EA1CF5F629E67E3C006A4DCD /* APSShellDemoUITests.swift in Sources */,
				EA1CF5F829E67E3C006A4DCD /* APSShellDemoUITestsLaunchTests.swift in Sources */,
			);
			runOnlyForDeploymentPostprocessing = 0;
		};
/* End PBXSourcesBuildPhase section */

/* Begin PBXTargetDependency section */
		EA1CF5E929E67E3C006A4DCD /* PBXTargetDependency */ = {
			isa = PBXTargetDependency;
			target = EA1CF5D529E67E37006A4DCD /* APSShellDemo */;
			targetProxy = EA1CF5E829E67E3C006A4DCD /* PBXContainerItemProxy */;
		};
		EA1CF5F329E67E3C006A4DCD /* PBXTargetDependency */ = {
			isa = PBXTargetDependency;
			target = EA1CF5D529E67E37006A4DCD /* APSShellDemo */;
			targetProxy = EA1CF5F229E67E3C006A4DCD /* PBXContainerItemProxy */;
		};
/* End PBXTargetDependency section */

/* Begin XCBuildConfiguration section */
		EA1CF5F929E67E3C006A4DCD /* Debug */ = {
			isa = XCBuildConfiguration;
			buildSettings = {
				ALWAYS_SEARCH_USER_PATHS = NO;
				CLANG_ANALYZER_NONNULL = YES;
				CLANG_ANALYZER_NUMBER_OBJECT_CONVERSION = YES_AGGRESSIVE;
				CLANG_CXX_LANGUAGE_STANDARD = "gnu++20";
				CLANG_ENABLE_MODULES = YES;
				CLANG_ENABLE_OBJC_ARC = YES;
				CLANG_ENABLE_OBJC_WEAK = YES;
				CLANG_WARN_BLOCK_CAPTURE_AUTORELEASING = YES;
				CLANG_WARN_BOOL_CONVERSION = YES;
				CLANG_WARN_COMMA = YES;
				CLANG_WARN_CONSTANT_CONVERSION = YES;
				CLANG_WARN_DEPRECATED_OBJC_IMPLEMENTATIONS = YES;
				CLANG_WARN_DIRECT_OBJC_ISA_USAGE = YES_ERROR;
				CLANG_WARN_DOCUMENTATION_COMMENTS = YES;
				CLANG_WARN_EMPTY_BODY = YES;
				CLANG_WARN_ENUM_CONVERSION = YES;
				CLANG_WARN_INFINITE_RECURSION = YES;
				CLANG_WARN_INT_CONVERSION = YES;
				CLANG_WARN_NON_LITERAL_NULL_CONVERSION = YES;
				CLANG_WARN_OBJC_IMPLICIT_RETAIN_SELF = YES;
				CLANG_WARN_OBJC_LITERAL_CONVERSION = YES;
				CLANG_WARN_OBJC_ROOT_CLASS = YES_ERROR;
				CLANG_WARN_QUOTED_INCLUDE_IN_FRAMEWORK_HEADER = YES;
				CLANG_WARN_RANGE_LOOP_ANALYSIS = YES;
				CLANG_WARN_STRICT_PROTOTYPES = YES;
				CLANG_WARN_SUSPICIOUS_MOVE = YES;
				CLANG_WARN_UNGUARDED_AVAILABILITY = YES_AGGRESSIVE;
				CLANG_WARN_UNREACHABLE_CODE = YES;
				CLANG_WARN__DUPLICATE_METHOD_MATCH = YES;
				COPY_PHASE_STRIP = NO;
				DEBUG_INFORMATION_FORMAT = dwarf;
				ENABLE_STRICT_OBJC_MSGSEND = YES;
				ENABLE_TESTABILITY = YES;
				GCC_C_LANGUAGE_STANDARD = gnu11;
				GCC_DYNAMIC_NO_PIC = NO;
				GCC_NO_COMMON_BLOCKS = YES;
				GCC_OPTIMIZATION_LEVEL = 0;
				GCC_PREPROCESSOR_DEFINITIONS = (
					"DEBUG=1",
					"$(inherited)",
				);
				GCC_WARN_64_TO_32_BIT_CONVERSION = YES;
				GCC_WARN_ABOUT_RETURN_TYPE = YES_ERROR;
				GCC_WARN_UNDECLARED_SELECTOR = YES;
				GCC_WARN_UNINITIALIZED_AUTOS = YES_AGGRESSIVE;
				GCC_WARN_UNUSED_FUNCTION = YES;
				GCC_WARN_UNUSED_VARIABLE = YES;
				MACOSX_DEPLOYMENT_TARGET = 13.1;
				MTL_ENABLE_DEBUG_INFO = INCLUDE_SOURCE;
				MTL_FAST_MATH = YES;
				ONLY_ACTIVE_ARCH = YES;
				SDKROOT = macosx;
				SWIFT_ACTIVE_COMPILATION_CONDITIONS = DEBUG;
				SWIFT_OPTIMIZATION_LEVEL = "-Onone";
			};
			name = Debug;
		};
		EA1CF5FA29E67E3C006A4DCD /* Release */ = {
			isa = XCBuildConfiguration;
			buildSettings = {
				ALWAYS_SEARCH_USER_PATHS = NO;
				CLANG_ANALYZER_NONNULL = YES;
				CLANG_ANALYZER_NUMBER_OBJECT_CONVERSION = YES_AGGRESSIVE;
				CLANG_CXX_LANGUAGE_STANDARD = "gnu++20";
				CLANG_ENABLE_MODULES = YES;
				CLANG_ENABLE_OBJC_ARC = YES;
				CLANG_ENABLE_OBJC_WEAK = YES;
				CLANG_WARN_BLOCK_CAPTURE_AUTORELEASING = YES;
				CLANG_WARN_BOOL_CONVERSION = YES;
				CLANG_WARN_COMMA = YES;
				CLANG_WARN_CONSTANT_CONVERSION = YES;
				CLANG_WARN_DEPRECATED_OBJC_IMPLEMENTATIONS = YES;
				CLANG_WARN_DIRECT_OBJC_ISA_USAGE = YES_ERROR;
				CLANG_WARN_DOCUMENTATION_COMMENTS = YES;
				CLANG_WARN_EMPTY_BODY = YES;
				CLANG_WARN_ENUM_CONVERSION = YES;
				CLANG_WARN_INFINITE_RECURSION = YES;
				CLANG_WARN_INT_CONVERSION = YES;
				CLANG_WARN_NON_LITERAL_NULL_CONVERSION = YES;
				CLANG_WARN_OBJC_IMPLICIT_RETAIN_SELF = YES;
				CLANG_WARN_OBJC_LITERAL_CONVERSION = YES;
				CLANG_WARN_OBJC_ROOT_CLASS = YES_ERROR;
				CLANG_WARN_QUOTED_INCLUDE_IN_FRAMEWORK_HEADER = YES;
				CLANG_WARN_RANGE_LOOP_ANALYSIS = YES;
				CLANG_WARN_STRICT_PROTOTYPES = YES;
				CLANG_WARN_SUSPICIOUS_MOVE = YES;
				CLANG_WARN_UNGUARDED_AVAILABILITY = YES_AGGRESSIVE;
				CLANG_WARN_UNREACHABLE_CODE = YES;
				CLANG_WARN__DUPLICATE_METHOD_MATCH = YES;
				COPY_PHASE_STRIP = NO;
				DEBUG_INFORMATION_FORMAT = "dwarf-with-dsym";
				ENABLE_NS_ASSERTIONS = NO;
				ENABLE_STRICT_OBJC_MSGSEND = YES;
				GCC_C_LANGUAGE_STANDARD = gnu11;
				GCC_NO_COMMON_BLOCKS = YES;
				GCC_WARN_64_TO_32_BIT_CONVERSION = YES;
				GCC_WARN_ABOUT_RETURN_TYPE = YES_ERROR;
				GCC_WARN_UNDECLARED_SELECTOR = YES;
				GCC_WARN_UNINITIALIZED_AUTOS = YES_AGGRESSIVE;
				GCC_WARN_UNUSED_FUNCTION = YES;
				GCC_WARN_UNUSED_VARIABLE = YES;
				MACOSX_DEPLOYMENT_TARGET = 13.1;
				MTL_ENABLE_DEBUG_INFO = NO;
				MTL_FAST_MATH = YES;
				SDKROOT = macosx;
				SWIFT_COMPILATION_MODE = wholemodule;
				SWIFT_OPTIMIZATION_LEVEL = "-O";
			};
			name = Release;
		};
		EA1CF5FC29E67E3C006A4DCD /* Debug */ = {
			isa = XCBuildConfiguration;
			buildSettings = {
				ASSETCATALOG_COMPILER_APPICON_NAME = AppIcon;
				ASSETCATALOG_COMPILER_GLOBAL_ACCENT_COLOR_NAME = AccentColor;
				CODE_SIGN_ENTITLEMENTS = APSShellDemo/APSShellDemo.entitlements;
				"CODE_SIGN_IDENTITY[sdk=macosx*]" = "-";
				CODE_SIGN_STYLE = Automatic;
				COMBINE_HIDPI_IMAGES = YES;
				CURRENT_PROJECT_VERSION = 1;
				DEVELOPMENT_ASSET_PATHS = "\"APSShellDemo/Preview Content\"";
				DEVELOPMENT_TEAM = "";
				ENABLE_PREVIEWS = YES;
				GENERATE_INFOPLIST_FILE = YES;
				INFOPLIST_FILE = APSShellDemo/Info.plist;
				INFOPLIST_KEY_NSHumanReadableCopyright = "";
				LD_RUNPATH_SEARCH_PATHS = (
					"$(inherited)",
					"@executable_path/../Frameworks",
				);
				MARKETING_VERSION = 1.0;
				PRODUCT_BUNDLE_IDENTIFIER = DAS.APSShellDemo;
				PRODUCT_NAME = "$(TARGET_NAME)";
				SWIFT_EMIT_LOC_STRINGS = YES;
				SWIFT_VERSION = 5.0;
			};
			name = Debug;
		};
		EA1CF5FD29E67E3C006A4DCD /* Release */ = {
			isa = XCBuildConfiguration;
			buildSettings = {
				ASSETCATALOG_COMPILER_APPICON_NAME = AppIcon;
				ASSETCATALOG_COMPILER_GLOBAL_ACCENT_COLOR_NAME = AccentColor;
				CODE_SIGN_ENTITLEMENTS = APSShellDemo/APSShellDemo.entitlements;
				"CODE_SIGN_IDENTITY[sdk=macosx*]" = "-";
				CODE_SIGN_STYLE = Automatic;
				COMBINE_HIDPI_IMAGES = YES;
				CURRENT_PROJECT_VERSION = 1;
				DEVELOPMENT_ASSET_PATHS = "\"APSShellDemo/Preview Content\"";
				DEVELOPMENT_TEAM = "";
				ENABLE_PREVIEWS = YES;
				GENERATE_INFOPLIST_FILE = YES;
				INFOPLIST_FILE = APSShellDemo/Info.plist;
				INFOPLIST_KEY_NSHumanReadableCopyright = "";
				LD_RUNPATH_SEARCH_PATHS = (
					"$(inherited)",
					"@executable_path/../Frameworks",
				);
				MARKETING_VERSION = 1.0;
				PRODUCT_BUNDLE_IDENTIFIER = DAS.APSShellDemo;
				PRODUCT_NAME = "$(TARGET_NAME)";
				SWIFT_EMIT_LOC_STRINGS = YES;
				SWIFT_VERSION = 5.0;
			};
			name = Release;
		};
		EA1CF5FF29E67E3C006A4DCD /* Debug */ = {
			isa = XCBuildConfiguration;
			buildSettings = {
				ALWAYS_EMBED_SWIFT_STANDARD_LIBRARIES = YES;
				BUNDLE_LOADER = "$(TEST_HOST)";
				CODE_SIGN_STYLE = Automatic;
				CURRENT_PROJECT_VERSION = 1;
				GENERATE_INFOPLIST_FILE = YES;
				MACOSX_DEPLOYMENT_TARGET = 13.1;
				MARKETING_VERSION = 1.0;
				PRODUCT_BUNDLE_IDENTIFIER = DAS.APSShellDemoTests;
				PRODUCT_NAME = "$(TARGET_NAME)";
				SWIFT_EMIT_LOC_STRINGS = NO;
				SWIFT_VERSION = 5.0;
				TEST_HOST = "$(BUILT_PRODUCTS_DIR)/APSShellDemo.app/$(BUNDLE_EXECUTABLE_FOLDER_PATH)/APSShellDemo";
			};
			name = Debug;
		};
		EA1CF60029E67E3C006A4DCD /* Release */ = {
			isa = XCBuildConfiguration;
			buildSettings = {
				ALWAYS_EMBED_SWIFT_STANDARD_LIBRARIES = YES;
				BUNDLE_LOADER = "$(TEST_HOST)";
				CODE_SIGN_STYLE = Automatic;
				CURRENT_PROJECT_VERSION = 1;
				GENERATE_INFOPLIST_FILE = YES;
				MACOSX_DEPLOYMENT_TARGET = 13.1;
				MARKETING_VERSION = 1.0;
				PRODUCT_BUNDLE_IDENTIFIER = DAS.APSShellDemoTests;
				PRODUCT_NAME = "$(TARGET_NAME)";
				SWIFT_EMIT_LOC_STRINGS = NO;
				SWIFT_VERSION = 5.0;
				TEST_HOST = "$(BUILT_PRODUCTS_DIR)/APSShellDemo.app/$(BUNDLE_EXECUTABLE_FOLDER_PATH)/APSShellDemo";
			};
			name = Release;
		};
		EA1CF60229E67E3C006A4DCD /* Debug */ = {
			isa = XCBuildConfiguration;
			buildSettings = {
				ALWAYS_EMBED_SWIFT_STANDARD_LIBRARIES = YES;
				CODE_SIGN_STYLE = Automatic;
				CURRENT_PROJECT_VERSION = 1;
				GENERATE_INFOPLIST_FILE = YES;
				MARKETING_VERSION = 1.0;
				PRODUCT_BUNDLE_IDENTIFIER = DAS.APSShellDemoUITests;
				PRODUCT_NAME = "$(TARGET_NAME)";
				SWIFT_EMIT_LOC_STRINGS = NO;
				SWIFT_VERSION = 5.0;
				TEST_TARGET_NAME = APSShellDemo;
			};
			name = Debug;
		};
		EA1CF60329E67E3C006A4DCD /* Release */ = {
			isa = XCBuildConfiguration;
			buildSettings = {
				ALWAYS_EMBED_SWIFT_STANDARD_LIBRARIES = YES;
				CODE_SIGN_STYLE = Automatic;
				CURRENT_PROJECT_VERSION = 1;
				GENERATE_INFOPLIST_FILE = YES;
				MARKETING_VERSION = 1.0;
				PRODUCT_BUNDLE_IDENTIFIER = DAS.APSShellDemoUITests;
				PRODUCT_NAME = "$(TARGET_NAME)";
				SWIFT_EMIT_LOC_STRINGS = NO;
				SWIFT_VERSION = 5.0;
				TEST_TARGET_NAME = APSShellDemo;
			};
			name = Release;
		};
/* End XCBuildConfiguration section */

/* Begin XCConfigurationList section */
		EA1CF5D129E67E37006A4DCD /* Build configuration list for PBXProject "APSShellDemo" */ = {
			isa = XCConfigurationList;
			buildConfigurations = (
				EA1CF5F929E67E3C006A4DCD /* Debug */,
				EA1CF5FA29E67E3C006A4DCD /* Release */,
			);
			defaultConfigurationIsVisible = 0;
			defaultConfigurationName = Release;
		};
		EA1CF5FB29E67E3C006A4DCD /* Build configuration list for PBXNativeTarget "APSShellDemo" */ = {
			isa = XCConfigurationList;
			buildConfigurations = (
				EA1CF5FC29E67E3C006A4DCD /* Debug */,
				EA1CF5FD29E67E3C006A4DCD /* Release */,
			);
			defaultConfigurationIsVisible = 0;
			defaultConfigurationName = Release;
		};
		EA1CF5FE29E67E3C006A4DCD /* Build configuration list for PBXNativeTarget "APSShellDemoTests" */ = {
			isa = XCConfigurationList;
			buildConfigurations = (
				EA1CF5FF29E67E3C006A4DCD /* Debug */,
				EA1CF60029E67E3C006A4DCD /* Release */,
			);
			defaultConfigurationIsVisible = 0;
			defaultConfigurationName = Release;
		};
		EA1CF60129E67E3C006A4DCD /* Build configuration list for PBXNativeTarget "APSShellDemoUITests" */ = {
			isa = XCConfigurationList;
			buildConfigurations = (
				EA1CF60229E67E3C006A4DCD /* Debug */,
				EA1CF60329E67E3C006A4DCD /* Release */,
			);
			defaultConfigurationIsVisible = 0;
			defaultConfigurationName = Release;
		};
/* End XCConfigurationList section */
	};
	rootObject = EA1CF5CE29E67E37006A4DCD /* Project object */;
}
